
Microsoft Visual Studio Solution File, Format Version 12.00
# Visual Studio Version 17
VisualStudioVersion = 17.14.36202.13 d17.14
MinimumVisualStudioVersion = 10.0.40219.1
Project("{FAE04EC0-301F-11D3-BF4B-00C04F79EFBC}") = "Hello", "Hello\Hello.csproj", "{C71DE794-DCED-494C-B603-C50E976CD1AD}"
EndProject
Global
	GlobalSection(SolutionConfigurationPlatforms) = preSolution
		Debug|Any CPU = Debug|Any CPU
		Release|Any CPU = Release|Any CPU
	EndGlobalSection
	GlobalSection(ProjectConfigurationPlatforms) = postSolution
		{C71DE794-DCED-494C-B603-C50E976CD1AD}.Debug|Any CPU.ActiveCfg = Debug|Any CPU
		{C71DE794-DCED-494C-B603-C50E976CD1AD}.Debug|Any CPU.Build.0 = Debug|Any CPU
		{C71DE794-DCED-494C-B603-C50E976CD1AD}.Release|Any CPU.ActiveCfg = Release|Any CPU
		{C71DE794-DCED-494C-B603-C50E976CD1AD}.Release|Any CPU.Build.0 = Release|Any CPU
	EndGlobalSection
	GlobalSection(SolutionProperties) = preSolution
		HideSolutionNode = FALSE
	EndGlobalSection
	GlobalSection(ExtensibilityGlobals) = postSolution
		SolutionGuid = {BC64E605-DC1C-4E08-BE76-0B413468AE2C}
	EndGlobalSection
EndGlobal
